
Microsoft Visual Studio Solution File, Format Version 12.00
# Visual Studio Version 17
VisualStudioVersion = 17.4.33205.214
MinimumVisualStudioVersion = 10.0.40219.1
Project("{FAE04EC0-301F-11D3-BF4B-00C04F79EFBC}") = "ramzarz", "ramzarz\ramzarz.csproj", "{C3B6D705-0350-449D-ABB3-CECDC3556715}"
EndProject
Global
	GlobalSection(SolutionConfigurationPlatforms) = preSolution
		Debug|Any CPU = Debug|Any CPU
		Release|Any CPU = Release|Any CPU
	EndGlobalSection
	GlobalSection(ProjectConfigurationPlatforms) = postSolution
		{C3B6D705-0350-449D-ABB3-CECDC3556715}.Debug|Any CPU.ActiveCfg = Debug|Any CPU
		{C3B6D705-0350-449D-ABB3-CECDC3556715}.Debug|Any CPU.Build.0 = Debug|Any CPU
		{C3B6D705-0350-449D-ABB3-CECDC3556715}.Release|Any CPU.ActiveCfg = Release|Any CPU
		{C3B6D705-0350-449D-ABB3-CECDC3556715}.Release|Any CPU.Build.0 = Release|Any CPU
	EndGlobalSection
	GlobalSection(SolutionProperties) = preSolution
		HideSolutionNode = FALSE
	EndGlobalSection
	GlobalSection(ExtensibilityGlobals) = postSolution
		SolutionGuid = {2AC56814-31E7-4D80-9176-7B14096573BE}
	EndGlobalSection
EndGlobal
